
Microsoft Visual Studio Solution File, Format Version 12.00
# Visual Studio Version 17
VisualStudioVersion = 17.2.32802.462
MinimumVisualStudioVersion = 10.0.40219.1
Project("{FAE04EC0-301F-11D3-BF4B-00C04F79EFBC}") = "ProjectManagement", "ProjectManagement\ProjectManagement.csproj", "{F56456E9-5DE9-4EBE-8B3E-64711291175E}"
EndProject
Global
	GlobalSection(SolutionConfigurationPlatforms) = preSolution
		Debug|Any CPU = Debug|Any CPU
		Release|Any CPU = Release|Any CPU
	EndGlobalSection
	GlobalSection(ProjectConfigurationPlatforms) = postSolution
		{F56456E9-5DE9-4EBE-8B3E-64711291175E}.Debug|Any CPU.ActiveCfg = Debug|Any CPU
		{F56456E9-5DE9-4EBE-8B3E-64711291175E}.Debug|Any CPU.Build.0 = Debug|Any CPU
		{F56456E9-5DE9-4EBE-8B3E-64711291175E}.Release|Any CPU.ActiveCfg = Release|Any CPU
		{F56456E9-5DE9-4EBE-8B3E-64711291175E}.Release|Any CPU.Build.0 = Release|Any CPU
	EndGlobalSection
	GlobalSection(SolutionProperties) = preSolution
		HideSolutionNode = FALSE
	EndGlobalSection
	GlobalSection(ExtensibilityGlobals) = postSolution
		SolutionGuid = {F3BE9BBE-AEED-423E-845D-906EE32C923B}
	EndGlobalSection
EndGlobal
