
Microsoft Visual Studio Solution File, Format Version 12.00
# Visual Studio Version 17
VisualStudioVersion = 17.2.32630.192
MinimumVisualStudioVersion = 10.0.40219.1
Project("{FAE04EC0-301F-11D3-BF4B-00C04F79EFBC}") = "CryptoDashboard", "CryptoDashboard\CryptoDashboard.csproj", "{02A2314D-F8E6-4FC0-BE81-725FF6328D07}"
EndProject
Global
	GlobalSection(SolutionConfigurationPlatforms) = preSolution
		Debug|Any CPU = Debug|Any CPU
		Release|Any CPU = Release|Any CPU
	EndGlobalSection
	GlobalSection(ProjectConfigurationPlatforms) = postSolution
		{02A2314D-F8E6-4FC0-BE81-725FF6328D07}.Debug|Any CPU.ActiveCfg = Debug|Any CPU
		{02A2314D-F8E6-4FC0-BE81-725FF6328D07}.Debug|Any CPU.Build.0 = Debug|Any CPU
		{02A2314D-F8E6-4FC0-BE81-725FF6328D07}.Release|Any CPU.ActiveCfg = Release|Any CPU
		{02A2314D-F8E6-4FC0-BE81-725FF6328D07}.Release|Any CPU.Build.0 = Release|Any CPU
	EndGlobalSection
	GlobalSection(SolutionProperties) = preSolution
		HideSolutionNode = FALSE
	EndGlobalSection
	GlobalSection(ExtensibilityGlobals) = postSolution
		SolutionGuid = {09AE2822-5AAF-4BAC-A0AA-6C646B27058A}
	EndGlobalSection
EndGlobal
