
Microsoft Visual Studio Solution File, Format Version 12.00
# Visual Studio Version 17
VisualStudioVersion = 17.2.32616.157
MinimumVisualStudioVersion = 10.0.40219.1
Project("{FAE04EC0-301F-11D3-BF4B-00C04F79EFBC}") = "OnlineClassDashboard", "OnlineClassDashboard\OnlineClassDashboard.csproj", "{AB12C9D7-C5ED-4CB5-81E4-6C6C6DD73C9F}"
EndProject
Global
	GlobalSection(SolutionConfigurationPlatforms) = preSolution
		Debug|Any CPU = Debug|Any CPU
		Release|Any CPU = Release|Any CPU
	EndGlobalSection
	GlobalSection(ProjectConfigurationPlatforms) = postSolution
		{AB12C9D7-C5ED-4CB5-81E4-6C6C6DD73C9F}.Debug|Any CPU.ActiveCfg = Debug|Any CPU
		{AB12C9D7-C5ED-4CB5-81E4-6C6C6DD73C9F}.Debug|Any CPU.Build.0 = Debug|Any CPU
		{AB12C9D7-C5ED-4CB5-81E4-6C6C6DD73C9F}.Release|Any CPU.ActiveCfg = Release|Any CPU
		{AB12C9D7-C5ED-4CB5-81E4-6C6C6DD73C9F}.Release|Any CPU.Build.0 = Release|Any CPU
	EndGlobalSection
	GlobalSection(SolutionProperties) = preSolution
		HideSolutionNode = FALSE
	EndGlobalSection
	GlobalSection(ExtensibilityGlobals) = postSolution
		SolutionGuid = {8DBBB69E-0724-4836-B011-2945AC95476A}
	EndGlobalSection
EndGlobal
