
Microsoft Visual Studio Solution File, Format Version 12.00
# Visual Studio Version 17
VisualStudioVersion = 17.2.32616.157
MinimumVisualStudioVersion = 10.0.40219.1
Project("{FAE04EC0-301F-11D3-BF4B-00C04F79EFBC}") = "Podcast", "Podcast\Podcast.csproj", "{4D89EF49-C769-44EB-9486-F8E4BE68C41B}"
EndProject
Global
	GlobalSection(SolutionConfigurationPlatforms) = preSolution
		Debug|Any CPU = Debug|Any CPU
		Release|Any CPU = Release|Any CPU
	EndGlobalSection
	GlobalSection(ProjectConfigurationPlatforms) = postSolution
		{4D89EF49-C769-44EB-9486-F8E4BE68C41B}.Debug|Any CPU.ActiveCfg = Debug|Any CPU
		{4D89EF49-C769-44EB-9486-F8E4BE68C41B}.Debug|Any CPU.Build.0 = Debug|Any CPU
		{4D89EF49-C769-44EB-9486-F8E4BE68C41B}.Release|Any CPU.ActiveCfg = Release|Any CPU
		{4D89EF49-C769-44EB-9486-F8E4BE68C41B}.Release|Any CPU.Build.0 = Release|Any CPU
	EndGlobalSection
	GlobalSection(SolutionProperties) = preSolution
		HideSolutionNode = FALSE
	EndGlobalSection
	GlobalSection(ExtensibilityGlobals) = postSolution
		SolutionGuid = {26283D3B-FCA1-4ACD-9FD6-9D8ACF2A44C5}
	EndGlobalSection
EndGlobal
