
Microsoft Visual Studio Solution File, Format Version 12.00
# Visual Studio Version 17
VisualStudioVersion = 17.4.33927.135
MinimumVisualStudioVersion = 10.0.40219.1
Project("{FAE04EC0-301F-11D3-BF4B-00C04F79EFBC}") = "SteamRedesign", "SteamRedesign\SteamRedesign.csproj", "{2B757857-9E37-462D-817F-96F2D5EBA1AB}"
EndProject
Global
	GlobalSection(SolutionConfigurationPlatforms) = preSolution
		Debug|Any CPU = Debug|Any CPU
		Release|Any CPU = Release|Any CPU
	EndGlobalSection
	GlobalSection(ProjectConfigurationPlatforms) = postSolution
		{2B757857-9E37-462D-817F-96F2D5EBA1AB}.Debug|Any CPU.ActiveCfg = Debug|Any CPU
		{2B757857-9E37-462D-817F-96F2D5EBA1AB}.Debug|Any CPU.Build.0 = Debug|Any CPU
		{2B757857-9E37-462D-817F-96F2D5EBA1AB}.Release|Any CPU.ActiveCfg = Release|Any CPU
		{2B757857-9E37-462D-817F-96F2D5EBA1AB}.Release|Any CPU.Build.0 = Release|Any CPU
	EndGlobalSection
	GlobalSection(SolutionProperties) = preSolution
		HideSolutionNode = FALSE
	EndGlobalSection
	GlobalSection(ExtensibilityGlobals) = postSolution
		SolutionGuid = {55B86074-FEEA-4806-B3CD-FE8B0724704C}
	EndGlobalSection
EndGlobal
